
Microsoft Visual Studio Solution File, Format Version 12.00
# Visual Studio Version 17
VisualStudioVersion = 17.1.32414.318
MinimumVisualStudioVersion = 10.0.40219.1
Project("{FAE04EC0-301F-11D3-BF4B-00C04F79EFBC}") = "LaVida.Android", "LaVida.Android\LaVida.Android.csproj", "{174BC8B5-7368-4BD7-B671-5E84442D3DE7}"
EndProject
Project("{FAE04EC0-301F-11D3-BF4B-00C04F79EFBC}") = "LaVida.iOS", "LaVida.iOS\LaVida.iOS.csproj", "{BB999FBB-F064-464A-90AF-9A9B6E02BB33}"
EndProject
Project("{FAE04EC0-301F-11D3-BF4B-00C04F79EFBC}") = "LaVida", "LaVida\LaVida.csproj", "{60168F64-A9EE-4416-8159-66C396696F17}"
EndProject
Global
	GlobalSection(SolutionConfigurationPlatforms) = preSolution
		Debug|Any CPU = Debug|Any CPU
		Debug|iPhone = Debug|iPhone
		Debug|iPhoneSimulator = Debug|iPhoneSimulator
		Release|Any CPU = Release|Any CPU
		Release|iPhone = Release|iPhone
		Release|iPhoneSimulator = Release|iPhoneSimulator
	EndGlobalSection
	GlobalSection(ProjectConfigurationPlatforms) = postSolution
		{174BC8B5-7368-4BD7-B671-5E84442D3DE7}.Debug|Any CPU.ActiveCfg = Debug|Any CPU
		{174BC8B5-7368-4BD7-B671-5E84442D3DE7}.Debug|Any CPU.Build.0 = Debug|Any CPU
		{174BC8B5-7368-4BD7-B671-5E84442D3DE7}.Debug|Any CPU.Deploy.0 = Debug|Any CPU
		{174BC8B5-7368-4BD7-B671-5E84442D3DE7}.Debug|iPhone.ActiveCfg = Debug|Any CPU
		{174BC8B5-7368-4BD7-B671-5E84442D3DE7}.Debug|iPhone.Build.0 = Debug|Any CPU
		{174BC8B5-7368-4BD7-B671-5E84442D3DE7}.Debug|iPhone.Deploy.0 = Debug|Any CPU
		{174BC8B5-7368-4BD7-B671-5E84442D3DE7}.Debug|iPhoneSimulator.ActiveCfg = Debug|Any CPU
		{174BC8B5-7368-4BD7-B671-5E84442D3DE7}.Debug|iPhoneSimulator.Build.0 = Debug|Any CPU
		{174BC8B5-7368-4BD7-B671-5E84442D3DE7}.Debug|iPhoneSimulator.Deploy.0 = Debug|Any CPU
		{174BC8B5-7368-4BD7-B671-5E84442D3DE7}.Release|Any CPU.ActiveCfg = Release|Any CPU
		{174BC8B5-7368-4BD7-B671-5E84442D3DE7}.Release|Any CPU.Build.0 = Release|Any CPU
		{174BC8B5-7368-4BD7-B671-5E84442D3DE7}.Release|Any CPU.Deploy.0 = Release|Any CPU
		{174BC8B5-7368-4BD7-B671-5E84442D3DE7}.Release|iPhone.ActiveCfg = Release|Any CPU
		{174BC8B5-7368-4BD7-B671-5E84442D3DE7}.Release|iPhone.Build.0 = Release|Any CPU
		{174BC8B5-7368-4BD7-B671-5E84442D3DE7}.Release|iPhone.Deploy.0 = Release|Any CPU
		{174BC8B5-7368-4BD7-B671-5E84442D3DE7}.Release|iPhoneSimulator.ActiveCfg = Release|Any CPU
		{174BC8B5-7368-4BD7-B671-5E84442D3DE7}.Release|iPhoneSimulator.Build.0 = Release|Any CPU
		{174BC8B5-7368-4BD7-B671-5E84442D3DE7}.Release|iPhoneSimulator.Deploy.0 = Release|Any CPU
		{BB999FBB-F064-464A-90AF-9A9B6E02BB33}.Debug|Any CPU.ActiveCfg = Debug|iPhone
		{BB999FBB-F064-464A-90AF-9A9B6E02BB33}.Debug|Any CPU.Build.0 = Debug|iPhone
		{BB999FBB-F064-464A-90AF-9A9B6E02BB33}.Debug|Any CPU.Deploy.0 = Debug|iPhone
		{BB999FBB-F064-464A-90AF-9A9B6E02BB33}.Debug|iPhone.ActiveCfg = Debug|iPhone
		{BB999FBB-F064-464A-90AF-9A9B6E02BB33}.Debug|iPhone.Build.0 = Debug|iPhone
		{BB999FBB-F064-464A-90AF-9A9B6E02BB33}.Debug|iPhone.Deploy.0 = Debug|iPhone
		{BB999FBB-F064-464A-90AF-9A9B6E02BB33}.Debug|iPhoneSimulator.ActiveCfg = Debug|iPhoneSimulator
		{BB999FBB-F064-464A-90AF-9A9B6E02BB33}.Debug|iPhoneSimulator.Build.0 = Debug|iPhoneSimulator
		{BB999FBB-F064-464A-90AF-9A9B6E02BB33}.Debug|iPhoneSimulator.Deploy.0 = Debug|iPhoneSimulator
		{BB999FBB-F064-464A-90AF-9A9B6E02BB33}.Release|Any CPU.ActiveCfg = Release|iPhoneSimulator
		{BB999FBB-F064-464A-90AF-9A9B6E02BB33}.Release|Any CPU.Build.0 = Release|iPhoneSimulator
		{BB999FBB-F064-464A-90AF-9A9B6E02BB33}.Release|Any CPU.Deploy.0 = Release|iPhoneSimulator
		{BB999FBB-F064-464A-90AF-9A9B6E02BB33}.Release|iPhone.ActiveCfg = Release|iPhone
		{BB999FBB-F064-464A-90AF-9A9B6E02BB33}.Release|iPhone.Build.0 = Release|iPhone
		{BB999FBB-F064-464A-90AF-9A9B6E02BB33}.Release|iPhone.Deploy.0 = Release|iPhone
		{BB999FBB-F064-464A-90AF-9A9B6E02BB33}.Release|iPhoneSimulator.ActiveCfg = Release|iPhoneSimulator
		{BB999FBB-F064-464A-90AF-9A9B6E02BB33}.Release|iPhoneSimulator.Build.0 = Release|iPhoneSimulator
		{BB999FBB-F064-464A-90AF-9A9B6E02BB33}.Release|iPhoneSimulator.Deploy.0 = Release|iPhoneSimulator
		{60168F64-A9EE-4416-8159-66C396696F17}.Debug|Any CPU.ActiveCfg = Debug|Any CPU
		{60168F64-A9EE-4416-8159-66C396696F17}.Debug|Any CPU.Build.0 = Debug|Any CPU
		{60168F64-A9EE-4416-8159-66C396696F17}.Debug|Any CPU.Deploy.0 = Debug|Any CPU
		{60168F64-A9EE-4416-8159-66C396696F17}.Debug|iPhone.ActiveCfg = Debug|Any CPU
		{60168F64-A9EE-4416-8159-66C396696F17}.Debug|iPhone.Build.0 = Debug|Any CPU
		{60168F64-A9EE-4416-8159-66C396696F17}.Debug|iPhone.Deploy.0 = Debug|Any CPU
		{60168F64-A9EE-4416-8159-66C396696F17}.Debug|iPhoneSimulator.ActiveCfg = Debug|Any CPU
		{60168F64-A9EE-4416-8159-66C396696F17}.Debug|iPhoneSimulator.Build.0 = Debug|Any CPU
		{60168F64-A9EE-4416-8159-66C396696F17}.Debug|iPhoneSimulator.Deploy.0 = Debug|Any CPU
		{60168F64-A9EE-4416-8159-66C396696F17}.Release|Any CPU.ActiveCfg = Release|Any CPU
		{60168F64-A9EE-4416-8159-66C396696F17}.Release|Any CPU.Build.0 = Release|Any CPU
		{60168F64-A9EE-4416-8159-66C396696F17}.Release|Any CPU.Deploy.0 = Release|Any CPU
		{60168F64-A9EE-4416-8159-66C396696F17}.Release|iPhone.ActiveCfg = Release|Any CPU
		{60168F64-A9EE-4416-8159-66C396696F17}.Release|iPhone.Build.0 = Release|Any CPU
		{60168F64-A9EE-4416-8159-66C396696F17}.Release|iPhone.Deploy.0 = Release|Any CPU
		{60168F64-A9EE-4416-8159-66C396696F17}.Release|iPhoneSimulator.ActiveCfg = Release|Any CPU
		{60168F64-A9EE-4416-8159-66C396696F17}.Release|iPhoneSimulator.Build.0 = Release|Any CPU
		{60168F64-A9EE-4416-8159-66C396696F17}.Release|iPhoneSimulator.Deploy.0 = Release|Any CPU
	EndGlobalSection
	GlobalSection(SolutionProperties) = preSolution
		HideSolutionNode = FALSE
	EndGlobalSection
	GlobalSection(ExtensibilityGlobals) = postSolution
		SolutionGuid = {2AD1B76F-BBD7-4489-8E43-69325B282F90}
	EndGlobalSection
EndGlobal
