
Microsoft Visual Studio Solution File, Format Version 12.00
# Visual Studio Version 17
VisualStudioVersion = 17.1.32414.318
MinimumVisualStudioVersion = 10.0.40219.1
Project("{FAE04EC0-301F-11D3-BF4B-00C04F79EFBC}") = "LaVida.Android", "LaVida.Android\LaVida.Android.csproj", "{F5326FF0-2CD1-4EB6-836E-276A470758C9}"
EndProject
Project("{FAE04EC0-301F-11D3-BF4B-00C04F79EFBC}") = "LaVida.iOS", "LaVida.iOS\LaVida.iOS.csproj", "{C425878C-3810-4FC5-BC2F-CC816CDD128E}"
EndProject
Project("{FAE04EC0-301F-11D3-BF4B-00C04F79EFBC}") = "LaVida", "LaVida\LaVida.csproj", "{84D05A28-942D-42A4-ADB7-7F8622751B17}"
EndProject
Global
	GlobalSection(SolutionConfigurationPlatforms) = preSolution
		Debug|Any CPU = Debug|Any CPU
		Debug|iPhone = Debug|iPhone
		Debug|iPhoneSimulator = Debug|iPhoneSimulator
		Release|Any CPU = Release|Any CPU
		Release|iPhone = Release|iPhone
		Release|iPhoneSimulator = Release|iPhoneSimulator
	EndGlobalSection
	GlobalSection(ProjectConfigurationPlatforms) = postSolution
		{F5326FF0-2CD1-4EB6-836E-276A470758C9}.Debug|Any CPU.ActiveCfg = Debug|Any CPU
		{F5326FF0-2CD1-4EB6-836E-276A470758C9}.Debug|Any CPU.Build.0 = Debug|Any CPU
		{F5326FF0-2CD1-4EB6-836E-276A470758C9}.Debug|Any CPU.Deploy.0 = Debug|Any CPU
		{F5326FF0-2CD1-4EB6-836E-276A470758C9}.Debug|iPhone.ActiveCfg = Debug|Any CPU
		{F5326FF0-2CD1-4EB6-836E-276A470758C9}.Debug|iPhone.Build.0 = Debug|Any CPU
		{F5326FF0-2CD1-4EB6-836E-276A470758C9}.Debug|iPhone.Deploy.0 = Debug|Any CPU
		{F5326FF0-2CD1-4EB6-836E-276A470758C9}.Debug|iPhoneSimulator.ActiveCfg = Debug|Any CPU
		{F5326FF0-2CD1-4EB6-836E-276A470758C9}.Debug|iPhoneSimulator.Build.0 = Debug|Any CPU
		{F5326FF0-2CD1-4EB6-836E-276A470758C9}.Debug|iPhoneSimulator.Deploy.0 = Debug|Any CPU
		{F5326FF0-2CD1-4EB6-836E-276A470758C9}.Release|Any CPU.ActiveCfg = Release|Any CPU
		{F5326FF0-2CD1-4EB6-836E-276A470758C9}.Release|Any CPU.Build.0 = Release|Any CPU
		{F5326FF0-2CD1-4EB6-836E-276A470758C9}.Release|Any CPU.Deploy.0 = Release|Any CPU
		{F5326FF0-2CD1-4EB6-836E-276A470758C9}.Release|iPhone.ActiveCfg = Release|Any CPU
		{F5326FF0-2CD1-4EB6-836E-276A470758C9}.Release|iPhone.Build.0 = Release|Any CPU
		{F5326FF0-2CD1-4EB6-836E-276A470758C9}.Release|iPhone.Deploy.0 = Release|Any CPU
		{F5326FF0-2CD1-4EB6-836E-276A470758C9}.Release|iPhoneSimulator.ActiveCfg = Release|Any CPU
		{F5326FF0-2CD1-4EB6-836E-276A470758C9}.Release|iPhoneSimulator.Build.0 = Release|Any CPU
		{F5326FF0-2CD1-4EB6-836E-276A470758C9}.Release|iPhoneSimulator.Deploy.0 = Release|Any CPU
		{C425878C-3810-4FC5-BC2F-CC816CDD128E}.Debug|Any CPU.ActiveCfg = Debug|iPhone
		{C425878C-3810-4FC5-BC2F-CC816CDD128E}.Debug|Any CPU.Build.0 = Debug|iPhone
		{C425878C-3810-4FC5-BC2F-CC816CDD128E}.Debug|Any CPU.Deploy.0 = Debug|iPhone
		{C425878C-3810-4FC5-BC2F-CC816CDD128E}.Debug|iPhone.ActiveCfg = Debug|iPhone
		{C425878C-3810-4FC5-BC2F-CC816CDD128E}.Debug|iPhone.Build.0 = Debug|iPhone
		{C425878C-3810-4FC5-BC2F-CC816CDD128E}.Debug|iPhone.Deploy.0 = Debug|iPhone
		{C425878C-3810-4FC5-BC2F-CC816CDD128E}.Debug|iPhoneSimulator.ActiveCfg = Debug|iPhoneSimulator
		{C425878C-3810-4FC5-BC2F-CC816CDD128E}.Debug|iPhoneSimulator.Build.0 = Debug|iPhoneSimulator
		{C425878C-3810-4FC5-BC2F-CC816CDD128E}.Debug|iPhoneSimulator.Deploy.0 = Debug|iPhoneSimulator
		{C425878C-3810-4FC5-BC2F-CC816CDD128E}.Release|Any CPU.ActiveCfg = Release|iPhoneSimulator
		{C425878C-3810-4FC5-BC2F-CC816CDD128E}.Release|Any CPU.Build.0 = Release|iPhoneSimulator
		{C425878C-3810-4FC5-BC2F-CC816CDD128E}.Release|Any CPU.Deploy.0 = Release|iPhoneSimulator
		{C425878C-3810-4FC5-BC2F-CC816CDD128E}.Release|iPhone.ActiveCfg = Release|iPhone
		{C425878C-3810-4FC5-BC2F-CC816CDD128E}.Release|iPhone.Build.0 = Release|iPhone
		{C425878C-3810-4FC5-BC2F-CC816CDD128E}.Release|iPhone.Deploy.0 = Release|iPhone
		{C425878C-3810-4FC5-BC2F-CC816CDD128E}.Release|iPhoneSimulator.ActiveCfg = Release|iPhoneSimulator
		{C425878C-3810-4FC5-BC2F-CC816CDD128E}.Release|iPhoneSimulator.Build.0 = Release|iPhoneSimulator
		{C425878C-3810-4FC5-BC2F-CC816CDD128E}.Release|iPhoneSimulator.Deploy.0 = Release|iPhoneSimulator
		{84D05A28-942D-42A4-ADB7-7F8622751B17}.Debug|Any CPU.ActiveCfg = Debug|Any CPU
		{84D05A28-942D-42A4-ADB7-7F8622751B17}.Debug|Any CPU.Build.0 = Debug|Any CPU
		{84D05A28-942D-42A4-ADB7-7F8622751B17}.Debug|Any CPU.Deploy.0 = Debug|Any CPU
		{84D05A28-942D-42A4-ADB7-7F8622751B17}.Debug|iPhone.ActiveCfg = Debug|Any CPU
		{84D05A28-942D-42A4-ADB7-7F8622751B17}.Debug|iPhone.Build.0 = Debug|Any CPU
		{84D05A28-942D-42A4-ADB7-7F8622751B17}.Debug|iPhone.Deploy.0 = Debug|Any CPU
		{84D05A28-942D-42A4-ADB7-7F8622751B17}.Debug|iPhoneSimulator.ActiveCfg = Debug|Any CPU
		{84D05A28-942D-42A4-ADB7-7F8622751B17}.Debug|iPhoneSimulator.Build.0 = Debug|Any CPU
		{84D05A28-942D-42A4-ADB7-7F8622751B17}.Debug|iPhoneSimulator.Deploy.0 = Debug|Any CPU
		{84D05A28-942D-42A4-ADB7-7F8622751B17}.Release|Any CPU.ActiveCfg = Release|Any CPU
		{84D05A28-942D-42A4-ADB7-7F8622751B17}.Release|Any CPU.Build.0 = Release|Any CPU
		{84D05A28-942D-42A4-ADB7-7F8622751B17}.Release|Any CPU.Deploy.0 = Release|Any CPU
		{84D05A28-942D-42A4-ADB7-7F8622751B17}.Release|iPhone.ActiveCfg = Release|Any CPU
		{84D05A28-942D-42A4-ADB7-7F8622751B17}.Release|iPhone.Build.0 = Release|Any CPU
		{84D05A28-942D-42A4-ADB7-7F8622751B17}.Release|iPhone.Deploy.0 = Release|Any CPU
		{84D05A28-942D-42A4-ADB7-7F8622751B17}.Release|iPhoneSimulator.ActiveCfg = Release|Any CPU
		{84D05A28-942D-42A4-ADB7-7F8622751B17}.Release|iPhoneSimulator.Build.0 = Release|Any CPU
		{84D05A28-942D-42A4-ADB7-7F8622751B17}.Release|iPhoneSimulator.Deploy.0 = Release|Any CPU
	EndGlobalSection
	GlobalSection(SolutionProperties) = preSolution
		HideSolutionNode = FALSE
	EndGlobalSection
	GlobalSection(ExtensibilityGlobals) = postSolution
		SolutionGuid = {0349488B-3F1D-4351-9ADB-44417901E9D1}
	EndGlobalSection
EndGlobal
